
Microsoft Visual Studio Solution File, Format Version 12.00
# Visual Studio Version 16
VisualStudioVersion = 16.0.29613.14
MinimumVisualStudioVersion = 10.0.40219.1
Project("{F2A71F9B-5D33-465A-A702-920D77279786}") = "ES.Update", "ES.Update\ES.Update.fsproj", "{B68EADF0-B0DB-46A6-949A-9133CABB067A}"
EndProject
Project("{F2A71F9B-5D33-465A-A702-920D77279786}") = "ES.Update.Backend", "ES.Update.Backend\ES.Update.Backend.fsproj", "{B311972C-AD50-41CA-AFD3-BA67D227E86B}"
EndProject
Project("{2150E333-8FDC-42A3-9474-1A3956D46DE8}") = "Solution Items", "Solution Items", "{F1C186E9-2666-448C-B634-02D208C8C68A}"
	ProjectSection(SolutionItems) = preProject
		build.fsx = build.fsx
		paket.dependencies = paket.dependencies
	EndProjectSection
EndProject
Project("{F2A71F9B-5D33-465A-A702-920D77279786}") = "UpdateServer", "UpdateServer\UpdateServer.fsproj", "{E2589F02-7694-44AB-9129-E0881F589EA8}"
EndProject
Project("{F2A71F9B-5D33-465A-A702-920D77279786}") = "Updater", "Updater\Updater.fsproj", "{8F67DBA6-0FB1-4F3B-A516-E1D4317CAD85}"
EndProject
Project("{F2A71F9B-5D33-465A-A702-920D77279786}") = "VersionReleaser", "VersionReleaser\VersionReleaser.fsproj", "{EE4CE36A-B274-428A-A0C9-CF273EA5A951}"
EndProject
Project("{2150E333-8FDC-42A3-9474-1A3956D46DE8}") = "Tests", "Tests", "{B20D108B-7063-4FC3-8227-4085E163DA78}"
EndProject
Project("{F2A71F9B-5D33-465A-A702-920D77279786}") = "UnitTests", "Tests\UnitTests\UnitTests.fsproj", "{DE4EE30A-6171-43EA-AE93-3E9EC3C62ABA}"
EndProject
Project("{2150E333-8FDC-42A3-9474-1A3956D46DE8}") = "Examples", "Examples", "{C0083A5C-9720-4D88-B766-D466A6D33B2A}"
EndProject
Project("{F2A71F9B-5D33-465A-A702-920D77279786}") = "ES.Update.Releaser", "ES.Update.Releaser\ES.Update.Releaser.fsproj", "{CA7FE3A0-5D63-40D0-8234-354137D41144}"
EndProject
Project("{FAE04EC0-301F-11D3-BF4B-00C04F79EFBC}") = "Example2", "Examples\Example2\Example2.csproj", "{6176038C-5A8C-4117-81CD-5A936B0679EA}"
EndProject
Project("{2150E333-8FDC-42A3-9474-1A3956D46DE8}") = "Example1", "Example1", "{6FF553F4-DFEC-428F-9417-1706C729E770}"
	ProjectSection(SolutionItems) = preProject
		Examples\Example1\MyApplication.v1.0.zip = Examples\Example1\MyApplication.v1.0.zip
		Examples\Example1\MyApplication.v2.0.zip = Examples\Example1\MyApplication.v2.0.zip
		Examples\Example1\MyApplication.v3.0.zip = Examples\Example1\MyApplication.v3.0.zip
		Examples\Example1\MyApplication.v4.0.zip = Examples\Example1\MyApplication.v4.0.zip
		Examples\Example1\MyApplication.v5.0.zip = Examples\Example1\MyApplication.v5.0.zip
	EndProjectSection
EndProject
Project("{FAE04EC0-301F-11D3-BF4B-00C04F79EFBC}") = "Example3", "Examples\Example3\Example3.csproj", "{3CB4C2C6-2E3D-4DDA-95BF-67CB19DC0F50}"
EndProject
Project("{F2A71F9B-5D33-465A-A702-920D77279786}") = "Installer", "Installer\Installer.fsproj", "{D261F0D4-5E81-4351-9D13-53BDC8AB073C}"
EndProject
Project("{FAE04EC0-301F-11D3-BF4B-00C04F79EFBC}") = "Example4", "Examples\Example4\Example4.csproj", "{85EC4F92-A7CD-49F2-AB2D-57B9CBD1ADBF}"
EndProject
Project("{F2A71F9B-5D33-465A-A702-920D77279786}") = "KeysGenerator", "KeysGenerator\KeysGenerator.fsproj", "{97EF2D8A-EA19-41C3-9C2C-F385B48E5A81}"
EndProject
Project("{2150E333-8FDC-42A3-9474-1A3956D46DE8}") = ".NET Framework", ".NET Framework", "{2231F5C6-089D-4C3A-AEB0-B9FDDA092EE4}"
EndProject
Project("{2150E333-8FDC-42A3-9474-1A3956D46DE8}") = ".NET Core", ".NET Core", "{78BB8FA3-6943-4A89-9FB1-36D21A251DE8}"
EndProject
Global
	GlobalSection(SolutionConfigurationPlatforms) = preSolution
		Debug|Any CPU = Debug|Any CPU
		Release|Any CPU = Release|Any CPU
	EndGlobalSection
	GlobalSection(ProjectConfigurationPlatforms) = postSolution
		{B68EADF0-B0DB-46A6-949A-9133CABB067A}.Debug|Any CPU.ActiveCfg = Debug|Any CPU
		{B68EADF0-B0DB-46A6-949A-9133CABB067A}.Debug|Any CPU.Build.0 = Debug|Any CPU
		{B68EADF0-B0DB-46A6-949A-9133CABB067A}.Release|Any CPU.ActiveCfg = Release|Any CPU
		{B68EADF0-B0DB-46A6-949A-9133CABB067A}.Release|Any CPU.Build.0 = Release|Any CPU
		{B311972C-AD50-41CA-AFD3-BA67D227E86B}.Debug|Any CPU.ActiveCfg = Debug|Any CPU
		{B311972C-AD50-41CA-AFD3-BA67D227E86B}.Debug|Any CPU.Build.0 = Debug|Any CPU
		{B311972C-AD50-41CA-AFD3-BA67D227E86B}.Release|Any CPU.ActiveCfg = Release|Any CPU
		{B311972C-AD50-41CA-AFD3-BA67D227E86B}.Release|Any CPU.Build.0 = Release|Any CPU
		{E2589F02-7694-44AB-9129-E0881F589EA8}.Debug|Any CPU.ActiveCfg = Debug|Any CPU
		{E2589F02-7694-44AB-9129-E0881F589EA8}.Debug|Any CPU.Build.0 = Debug|Any CPU
		{E2589F02-7694-44AB-9129-E0881F589EA8}.Release|Any CPU.ActiveCfg = Release|Any CPU
		{E2589F02-7694-44AB-9129-E0881F589EA8}.Release|Any CPU.Build.0 = Release|Any CPU
		{8F67DBA6-0FB1-4F3B-A516-E1D4317CAD85}.Debug|Any CPU.ActiveCfg = Debug|Any CPU
		{8F67DBA6-0FB1-4F3B-A516-E1D4317CAD85}.Debug|Any CPU.Build.0 = Debug|Any CPU
		{8F67DBA6-0FB1-4F3B-A516-E1D4317CAD85}.Release|Any CPU.ActiveCfg = Release|Any CPU
		{8F67DBA6-0FB1-4F3B-A516-E1D4317CAD85}.Release|Any CPU.Build.0 = Release|Any CPU
		{EE4CE36A-B274-428A-A0C9-CF273EA5A951}.Debug|Any CPU.ActiveCfg = Debug|Any CPU
		{EE4CE36A-B274-428A-A0C9-CF273EA5A951}.Debug|Any CPU.Build.0 = Debug|Any CPU
		{EE4CE36A-B274-428A-A0C9-CF273EA5A951}.Release|Any CPU.ActiveCfg = Release|Any CPU
		{EE4CE36A-B274-428A-A0C9-CF273EA5A951}.Release|Any CPU.Build.0 = Release|Any CPU
		{DE4EE30A-6171-43EA-AE93-3E9EC3C62ABA}.Debug|Any CPU.ActiveCfg = Debug|Any CPU
		{DE4EE30A-6171-43EA-AE93-3E9EC3C62ABA}.Debug|Any CPU.Build.0 = Debug|Any CPU
		{DE4EE30A-6171-43EA-AE93-3E9EC3C62ABA}.Release|Any CPU.ActiveCfg = Release|Any CPU
		{DE4EE30A-6171-43EA-AE93-3E9EC3C62ABA}.Release|Any CPU.Build.0 = Release|Any CPU
		{CA7FE3A0-5D63-40D0-8234-354137D41144}.Debug|Any CPU.ActiveCfg = Debug|Any CPU
		{CA7FE3A0-5D63-40D0-8234-354137D41144}.Debug|Any CPU.Build.0 = Debug|Any CPU
		{CA7FE3A0-5D63-40D0-8234-354137D41144}.Release|Any CPU.ActiveCfg = Release|Any CPU
		{CA7FE3A0-5D63-40D0-8234-354137D41144}.Release|Any CPU.Build.0 = Release|Any CPU
		{6176038C-5A8C-4117-81CD-5A936B0679EA}.Debug|Any CPU.ActiveCfg = Debug|Any CPU
		{6176038C-5A8C-4117-81CD-5A936B0679EA}.Debug|Any CPU.Build.0 = Debug|Any CPU
		{6176038C-5A8C-4117-81CD-5A936B0679EA}.Release|Any CPU.ActiveCfg = Release|Any CPU
		{6176038C-5A8C-4117-81CD-5A936B0679EA}.Release|Any CPU.Build.0 = Release|Any CPU
		{3CB4C2C6-2E3D-4DDA-95BF-67CB19DC0F50}.Debug|Any CPU.ActiveCfg = Debug|Any CPU
		{3CB4C2C6-2E3D-4DDA-95BF-67CB19DC0F50}.Debug|Any CPU.Build.0 = Debug|Any CPU
		{3CB4C2C6-2E3D-4DDA-95BF-67CB19DC0F50}.Release|Any CPU.ActiveCfg = Release|Any CPU
		{3CB4C2C6-2E3D-4DDA-95BF-67CB19DC0F50}.Release|Any CPU.Build.0 = Release|Any CPU
		{D261F0D4-5E81-4351-9D13-53BDC8AB073C}.Debug|Any CPU.ActiveCfg = Debug|Any CPU
		{D261F0D4-5E81-4351-9D13-53BDC8AB073C}.Debug|Any CPU.Build.0 = Debug|Any CPU
		{D261F0D4-5E81-4351-9D13-53BDC8AB073C}.Release|Any CPU.ActiveCfg = Release|Any CPU
		{D261F0D4-5E81-4351-9D13-53BDC8AB073C}.Release|Any CPU.Build.0 = Release|Any CPU
		{85EC4F92-A7CD-49F2-AB2D-57B9CBD1ADBF}.Debug|Any CPU.ActiveCfg = Debug|Any CPU
		{85EC4F92-A7CD-49F2-AB2D-57B9CBD1ADBF}.Debug|Any CPU.Build.0 = Debug|Any CPU
		{85EC4F92-A7CD-49F2-AB2D-57B9CBD1ADBF}.Release|Any CPU.ActiveCfg = Release|Any CPU
		{85EC4F92-A7CD-49F2-AB2D-57B9CBD1ADBF}.Release|Any CPU.Build.0 = Release|Any CPU
		{97EF2D8A-EA19-41C3-9C2C-F385B48E5A81}.Debug|Any CPU.ActiveCfg = Debug|Any CPU
		{97EF2D8A-EA19-41C3-9C2C-F385B48E5A81}.Debug|Any CPU.Build.0 = Debug|Any CPU
		{97EF2D8A-EA19-41C3-9C2C-F385B48E5A81}.Release|Any CPU.ActiveCfg = Release|Any CPU
		{97EF2D8A-EA19-41C3-9C2C-F385B48E5A81}.Release|Any CPU.Build.0 = Release|Any CPU
	EndGlobalSection
	GlobalSection(SolutionProperties) = preSolution
		HideSolutionNode = FALSE
	EndGlobalSection
	GlobalSection(NestedProjects) = preSolution
		{B68EADF0-B0DB-46A6-949A-9133CABB067A} = {2231F5C6-089D-4C3A-AEB0-B9FDDA092EE4}
		{B311972C-AD50-41CA-AFD3-BA67D227E86B} = {2231F5C6-089D-4C3A-AEB0-B9FDDA092EE4}
		{E2589F02-7694-44AB-9129-E0881F589EA8} = {2231F5C6-089D-4C3A-AEB0-B9FDDA092EE4}
		{8F67DBA6-0FB1-4F3B-A516-E1D4317CAD85} = {2231F5C6-089D-4C3A-AEB0-B9FDDA092EE4}
		{EE4CE36A-B274-428A-A0C9-CF273EA5A951} = {2231F5C6-089D-4C3A-AEB0-B9FDDA092EE4}
		{DE4EE30A-6171-43EA-AE93-3E9EC3C62ABA} = {B20D108B-7063-4FC3-8227-4085E163DA78}
		{CA7FE3A0-5D63-40D0-8234-354137D41144} = {2231F5C6-089D-4C3A-AEB0-B9FDDA092EE4}
		{6176038C-5A8C-4117-81CD-5A936B0679EA} = {C0083A5C-9720-4D88-B766-D466A6D33B2A}
		{6FF553F4-DFEC-428F-9417-1706C729E770} = {C0083A5C-9720-4D88-B766-D466A6D33B2A}
		{3CB4C2C6-2E3D-4DDA-95BF-67CB19DC0F50} = {C0083A5C-9720-4D88-B766-D466A6D33B2A}
		{D261F0D4-5E81-4351-9D13-53BDC8AB073C} = {2231F5C6-089D-4C3A-AEB0-B9FDDA092EE4}
		{85EC4F92-A7CD-49F2-AB2D-57B9CBD1ADBF} = {C0083A5C-9720-4D88-B766-D466A6D33B2A}
		{97EF2D8A-EA19-41C3-9C2C-F385B48E5A81} = {2231F5C6-089D-4C3A-AEB0-B9FDDA092EE4}
	EndGlobalSection
	GlobalSection(ExtensibilityGlobals) = postSolution
		SolutionGuid = {A497458A-92F6-47AB-9C90-3103B990C6F6}
	EndGlobalSection
EndGlobal
