
Microsoft Visual Studio Solution File, Format Version 12.00
# Visual Studio Version 16
VisualStudioVersion = 16.0.29709.97
MinimumVisualStudioVersion = 10.0.40219.1
Project("{2150E333-8FDC-42A3-9474-1A3956D46DE8}") = "Solution Items", "Solution Items", "{F1C186E9-2666-448C-B634-02D208C8C68A}"
	ProjectSection(SolutionItems) = preProject
		build.fsx = build.fsx
		paket.dependencies = paket.dependencies
	EndProjectSection
EndProject
Project("{2150E333-8FDC-42A3-9474-1A3956D46DE8}") = "Tests", "Tests", "{B20D108B-7063-4FC3-8227-4085E163DA78}"
EndProject
Project("{2150E333-8FDC-42A3-9474-1A3956D46DE8}") = "Examples", "Examples", "{C0083A5C-9720-4D88-B766-D466A6D33B2A}"
EndProject
Project("{FAE04EC0-301F-11D3-BF4B-00C04F79EFBC}") = "Example3", "Examples\Example3\Example3.csproj", "{3CB4C2C6-2E3D-4DDA-95BF-67CB19DC0F50}"
EndProject
Project("{FAE04EC0-301F-11D3-BF4B-00C04F79EFBC}") = "Example4", "Examples\Example4\Example4.csproj", "{85EC4F92-A7CD-49F2-AB2D-57B9CBD1ADBF}"
EndProject
Project("{2150E333-8FDC-42A3-9474-1A3956D46DE8}") = "Lib", "Lib", "{2231F5C6-089D-4C3A-AEB0-B9FDDA092EE4}"
EndProject
Project("{F2A71F9B-5D33-465A-A702-920D77279786}") = "ES.Update", "ES.Update\ES.Update.fsproj", "{D08E89F2-7F4E-42DE-A775-95447764FC4A}"
EndProject
Project("{F2A71F9B-5D33-465A-A702-920D77279786}") = "ES.Update.Backend", "ES.Update.Backend\ES.Update.Backend.fsproj", "{52FB72CD-AA4A-47F4-9B47-A8DDB2580426}"
EndProject
Project("{F2A71F9B-5D33-465A-A702-920D77279786}") = "ES.Update.Releaser", "ES.Update.Releaser\ES.Update.Releaser.fsproj", "{1EA88AB4-F0F9-4568-B9D7-F929BE54282E}"
EndProject
Project("{F2A71F9B-5D33-465A-A702-920D77279786}") = "UnitTests", "Tests\UnitTests\UnitTests.fsproj", "{3D4E04B2-A735-413C-AE11-1607D9DDA51A}"
EndProject
Project("{FAE04EC0-301F-11D3-BF4B-00C04F79EFBC}") = "Example1", "Examples\Example1\Example1.csproj", "{FB2F41AA-8607-4197-9319-277CCEF553BF}"
EndProject
Global
	GlobalSection(SolutionConfigurationPlatforms) = preSolution
		Debug|Any CPU = Debug|Any CPU
		Release|Any CPU = Release|Any CPU
	EndGlobalSection
	GlobalSection(ProjectConfigurationPlatforms) = postSolution
		{3CB4C2C6-2E3D-4DDA-95BF-67CB19DC0F50}.Debug|Any CPU.ActiveCfg = Debug|Any CPU
		{3CB4C2C6-2E3D-4DDA-95BF-67CB19DC0F50}.Debug|Any CPU.Build.0 = Debug|Any CPU
		{3CB4C2C6-2E3D-4DDA-95BF-67CB19DC0F50}.Release|Any CPU.ActiveCfg = Release|Any CPU
		{3CB4C2C6-2E3D-4DDA-95BF-67CB19DC0F50}.Release|Any CPU.Build.0 = Release|Any CPU
		{85EC4F92-A7CD-49F2-AB2D-57B9CBD1ADBF}.Debug|Any CPU.ActiveCfg = Debug|Any CPU
		{85EC4F92-A7CD-49F2-AB2D-57B9CBD1ADBF}.Debug|Any CPU.Build.0 = Debug|Any CPU
		{85EC4F92-A7CD-49F2-AB2D-57B9CBD1ADBF}.Release|Any CPU.ActiveCfg = Release|Any CPU
		{85EC4F92-A7CD-49F2-AB2D-57B9CBD1ADBF}.Release|Any CPU.Build.0 = Release|Any CPU
		{D08E89F2-7F4E-42DE-A775-95447764FC4A}.Debug|Any CPU.ActiveCfg = Debug|Any CPU
		{D08E89F2-7F4E-42DE-A775-95447764FC4A}.Debug|Any CPU.Build.0 = Debug|Any CPU
		{D08E89F2-7F4E-42DE-A775-95447764FC4A}.Release|Any CPU.ActiveCfg = Release|Any CPU
		{D08E89F2-7F4E-42DE-A775-95447764FC4A}.Release|Any CPU.Build.0 = Release|Any CPU
		{52FB72CD-AA4A-47F4-9B47-A8DDB2580426}.Debug|Any CPU.ActiveCfg = Debug|Any CPU
		{52FB72CD-AA4A-47F4-9B47-A8DDB2580426}.Debug|Any CPU.Build.0 = Debug|Any CPU
		{52FB72CD-AA4A-47F4-9B47-A8DDB2580426}.Release|Any CPU.ActiveCfg = Release|Any CPU
		{52FB72CD-AA4A-47F4-9B47-A8DDB2580426}.Release|Any CPU.Build.0 = Release|Any CPU
		{1EA88AB4-F0F9-4568-B9D7-F929BE54282E}.Debug|Any CPU.ActiveCfg = Debug|Any CPU
		{1EA88AB4-F0F9-4568-B9D7-F929BE54282E}.Debug|Any CPU.Build.0 = Debug|Any CPU
		{1EA88AB4-F0F9-4568-B9D7-F929BE54282E}.Release|Any CPU.ActiveCfg = Release|Any CPU
		{1EA88AB4-F0F9-4568-B9D7-F929BE54282E}.Release|Any CPU.Build.0 = Release|Any CPU
		{3D4E04B2-A735-413C-AE11-1607D9DDA51A}.Debug|Any CPU.ActiveCfg = Debug|Any CPU
		{3D4E04B2-A735-413C-AE11-1607D9DDA51A}.Debug|Any CPU.Build.0 = Debug|Any CPU
		{3D4E04B2-A735-413C-AE11-1607D9DDA51A}.Release|Any CPU.ActiveCfg = Release|Any CPU
		{3D4E04B2-A735-413C-AE11-1607D9DDA51A}.Release|Any CPU.Build.0 = Release|Any CPU
		{FB2F41AA-8607-4197-9319-277CCEF553BF}.Debug|Any CPU.ActiveCfg = Debug|Any CPU
		{FB2F41AA-8607-4197-9319-277CCEF553BF}.Debug|Any CPU.Build.0 = Debug|Any CPU
		{FB2F41AA-8607-4197-9319-277CCEF553BF}.Release|Any CPU.ActiveCfg = Release|Any CPU
		{FB2F41AA-8607-4197-9319-277CCEF553BF}.Release|Any CPU.Build.0 = Release|Any CPU
	EndGlobalSection
	GlobalSection(SolutionProperties) = preSolution
		HideSolutionNode = FALSE
	EndGlobalSection
	GlobalSection(NestedProjects) = preSolution
		{3CB4C2C6-2E3D-4DDA-95BF-67CB19DC0F50} = {C0083A5C-9720-4D88-B766-D466A6D33B2A}
		{85EC4F92-A7CD-49F2-AB2D-57B9CBD1ADBF} = {C0083A5C-9720-4D88-B766-D466A6D33B2A}
		{D08E89F2-7F4E-42DE-A775-95447764FC4A} = {2231F5C6-089D-4C3A-AEB0-B9FDDA092EE4}
		{52FB72CD-AA4A-47F4-9B47-A8DDB2580426} = {2231F5C6-089D-4C3A-AEB0-B9FDDA092EE4}
		{1EA88AB4-F0F9-4568-B9D7-F929BE54282E} = {2231F5C6-089D-4C3A-AEB0-B9FDDA092EE4}
		{3D4E04B2-A735-413C-AE11-1607D9DDA51A} = {B20D108B-7063-4FC3-8227-4085E163DA78}
		{FB2F41AA-8607-4197-9319-277CCEF553BF} = {C0083A5C-9720-4D88-B766-D466A6D33B2A}
	EndGlobalSection
	GlobalSection(ExtensibilityGlobals) = postSolution
		SolutionGuid = {A497458A-92F6-47AB-9C90-3103B990C6F6}
	EndGlobalSection
EndGlobal
